# This file is autogenerated, do not edit; changes may be undone by the next 'dep ensure'.


[[projects]]
  digest = "1:e692d16fdfbddb94e9e4886aaf6c08bdbae5cb4ac80651445de9181b371c6e46"
  name = "github.com/go-sql-driver/mysql"
  packages = ["."]
  pruneopts = ""
  revision = "72cd26f257d44c1114970e19afddcd812016007e"
  version = "v1.4.1"

[[projects]]
  digest = "1:cb9a871ee937e0fdbb506ac2a6af08d6ca698679ee3617edc41eef323adf8888"
  name = "github.com/graphql-go/graphql"
  packages = [
    ".",
    "gqlerrors",
    "language/ast",
    "language/kinds",
    "language/lexer",
    "language/location",
    "language/parser",
    "language/printer",
    "language/source",
    "language/typeInfo",
    "language/visitor",
  ]
  pruneopts = ""
  revision = "2b0b7340d2285b861482047fbf5de0488e021bea"
  version = "v0.7.8"

[[projects]]
  digest = "1:a4fcebba8c1b8ae25dd31f1cfa6c6ed5b1e5719ab2e9e1c18e8c98969ebde215"
  name = "github.com/inconshreveable/log15"
  packages = ["term"]
  pruneopts = ""
  revision = "67afb5ed74ec82fd7ac8f49d27c509ac6f991970"
  version = "v2.14"

[[projects]]
  digest = "1:7d4958827c8f2d9d31e24d9a3a52194eb179f77d854692e57954c516ecf76748"
  name = "github.com/jinzhu/gorm"
  packages = ["."]
  pruneopts = ""
  revision = "472c70caa40267cb89fd8facb07fe6454b578626"
  version = "v1.9.2"

[[projects]]
  branch = "master"
  digest = "1:d9a7385b84d8187fd94e0357045c6fa1147ca94caa56fdd539336c7c102fc728"
  name = "github.com/jinzhu/inflection"
  packages = ["."]
  pruneopts = ""
  revision = "04140366298a54a039076d798123ffa108fff46c"

[[projects]]
  digest = "1:85fdd2ce48a3fd1ddc4671b972f50a47dcf2eebb24813e90b28a8a1fcf65ee5a"
  name = "github.com/mattn/go-colorable"
  packages = ["."]
  pruneopts = ""
  revision = "3a70a971f94a22f2fa562ffcc7a0eb45f5daf045"
  version = "v0.1.1"

[[projects]]
  digest = "1:d0600e4cf07697303f37130791b2ce4577367931416bea8ec4f601bde3f7c5bf"
  name = "github.com/mattn/go-isatty"
  packages = ["."]
  pruneopts = ""
  revision = "c2a7a6ca930a4cd0bc33a3f298eb71960732a3a7"
  version = "v0.0.7"

[[projects]]
  digest = "1:17c45c7e1dd9a5225559e9e50936c2916e57bb79d21e9f5064acb16ec11e449a"
  name = "github.com/revel/config"
  packages = ["."]
  pruneopts = ""
  revision = "a81c4105c36841d27e529f875b6062da7b8f986c"
  version = "v0.21.0"

[[projects]]
  branch = "master"
  digest = "1:f45f196b397a7697584d6235b8fdc129c4ab3289ac83b1746983a957a191ae21"
  name = "github.com/revel/log15"
  packages = ["."]
  pruneopts = ""
  revision = "793412a67da6f8d15fede4c38f5c66272478cb8a"

[[projects]]
  branch = "master"
  digest = "1:f79af6373976dd76c9bf3d5de0043d5f98158c125217424fe6b77ed5ac83afd6"
  name = "github.com/revel/modules"
  packages = [
    ".",
    "static/app/controllers",
    "static/app/model",
    "testrunner/app",
    "testrunner/app/controllers",
  ]
  pruneopts = ""
  revision = "a50f5f138880b68aef235a7c1f3f09ba56b71d45"

[[projects]]
  branch = "master"
  digest = "1:3873ef6b952e4e21908cb42873ece035021820914a73eabd10c54f14548223a5"
  name = "github.com/revel/pathtree"
  packages = ["."]
  pruneopts = ""
  revision = "41257a1839e945fce74afd070e02bab2ea2c776a"

[[projects]]
  branch = "master"
  digest = "1:afc655510d75b958e91c1f156997f1b1875790c1383f9ba67a041ffe283ba604"
  name = "github.com/revel/revel"
  packages = [
    ".",
    "logger",
    "model",
    "session",
    "testing",
    "utils",
  ]
  pruneopts = ""
  revision = "a3d7a7c23ca885cc5036d3641ede49ce4a14ee2e"

[[projects]]
  digest = "1:c27b9d796a0011b90661dc71cb6627d844372327c9e1f306d0713ed679139ebf"
  name = "github.com/twinj/uuid"
  packages = ["."]
  pruneopts = ""
  revision = "835a10bbd6bce40820349a68b1368a62c3c5617c"
  version = "v1.0.0"

[[projects]]
  branch = "master"
  digest = "1:13523c966ab998994295876878a9bbecd3f37b3cd2c77a11644fe8ae63b22670"
  name = "github.com/xeonx/timeago"
  packages = ["."]
  pruneopts = ""
  revision = "4e7d8c1f9a433881f64a7f87f51e494186857982"

[[projects]]
  branch = "master"
  digest = "1:adcb9e84ce154ef1d45851b57c40f8a211db3e36373a65b7c4f10c79b7428718"
  name = "golang.org/x/net"
  packages = ["websocket"]
  pruneopts = ""
  revision = "74de082e2cca95839e88aa0aeee5aadf6ce7710f"

[[projects]]
  branch = "master"
  digest = "1:1b0de777d8ddd63356d5a4d76799ea8f47e811aa9dda85ddc72b2a061c799cc9"
  name = "golang.org/x/sys"
  packages = ["unix"]
  pruneopts = ""
  revision = "9eb1bfa1ce65ae8a6ff3114b0aaf9a41a6cf3560"

[[projects]]
  digest = "1:0a6cbf5be24f00105d33c9f6d2f40b8149e0316537a92be1b0d4c761b7ae39fb"
  name = "google.golang.org/appengine"
  packages = ["cloudsql"]
  pruneopts = ""
  revision = "54a98f90d1c46b7731eb8fb305d2a321c30ef610"
  version = "v1.5.0"

[[projects]]
  digest = "1:eb53021a8aa3f599d29c7102e65026242bdedce998a54837dc67f14b6a97c5fd"
  name = "gopkg.in/fsnotify/fsnotify.v1"
  packages = ["."]
  pruneopts = ""
  revision = "c2828203cd70a50dcccfb2761f8b1f8ceef9a8e9"
  version = "v1.4.7"

[[projects]]
  digest = "1:11c58e19ff7ce22740423bb933f1ddca3bf575def40d5ac3437ec12871b1648b"
  name = "gopkg.in/natefinch/lumberjack.v2"
  packages = ["."]
  pruneopts = ""
  revision = "a96e63847dc3c67d17befa69c303767e2f84e54f"
  version = "v2.1"

[[projects]]
  branch = "v0"
  digest = "1:6aec919ba0088e4eb5affc6598fa9fcd9ec71d4127a19841176570a55b908384"
  name = "gopkg.in/stack.v0"
  packages = ["."]
  pruneopts = ""
  revision = "9b43fcefddd0178abdabf4d484ab0d695d0011db"

[solve-meta]
  analyzer-name = "dep"
  analyzer-version = 1
  input-imports = [
    "github.com/go-sql-driver/mysql",
    "github.com/graphql-go/graphql",
    "github.com/jinzhu/gorm",
    "github.com/revel/modules",
    "github.com/revel/modules/static/app/controllers",
    "github.com/revel/modules/testrunner/app",
    "github.com/revel/modules/testrunner/app/controllers",
    "github.com/revel/revel",
    "github.com/revel/revel/testing",
  ]
  solver-name = "gps-cdcl"
  solver-version = 1
